
Microsoft Visual Studio Solution File, Format Version 12.00
# Visual Studio Version 17
VisualStudioVersion = 17.7.34031.279
MinimumVisualStudioVersion = 10.0.40219.1
Project("{FAE04EC0-301F-11D3-BF4B-00C04F79EFBC}") = "Grunderna i OOP", "Grunderna i OOP\Grunderna i OOP.csproj", "{2DAF1959-EA55-4DBD-984D-03B437D5771F}"
EndProject
Global
	GlobalSection(SolutionConfigurationPlatforms) = preSolution
		Debug|Any CPU = Debug|Any CPU
		Release|Any CPU = Release|Any CPU
	EndGlobalSection
	GlobalSection(ProjectConfigurationPlatforms) = postSolution
		{2DAF1959-EA55-4DBD-984D-03B437D5771F}.Debug|Any CPU.ActiveCfg = Debug|Any CPU
		{2DAF1959-EA55-4DBD-984D-03B437D5771F}.Debug|Any CPU.Build.0 = Debug|Any CPU
		{2DAF1959-EA55-4DBD-984D-03B437D5771F}.Release|Any CPU.ActiveCfg = Release|Any CPU
		{2DAF1959-EA55-4DBD-984D-03B437D5771F}.Release|Any CPU.Build.0 = Release|Any CPU
	EndGlobalSection
	GlobalSection(SolutionProperties) = preSolution
		HideSolutionNode = FALSE
	EndGlobalSection
	GlobalSection(ExtensibilityGlobals) = postSolution
		SolutionGuid = {4FEB9AC2-EDB7-4E52-B77C-896ACA7AD576}
	EndGlobalSection
EndGlobal
